
Microsoft Visual Studio Solution File, Format Version 12.00
# Visual Studio Version 16
VisualStudioVersion = 16.0.29009.5
MinimumVisualStudioVersion = 10.0.40219.1
Project("{FAE04EC0-301F-11D3-BF4B-00C04F79EFBC}") = "ConsumeTypes", "ConsumeTypes\ConsumeTypes.csproj", "{D7EF9AD1-BDA3-4864-A0BE-71F647EB0D6D}"
EndProject
Project("{FAE04EC0-301F-11D3-BF4B-00C04F79EFBC}") = "EnforcingEncapsulation", "EnforcingEncapsulation\EnforcingEncapsulation.csproj", "{3563F5A5-1435-435C-A6A0-3A0FBBC3C161}"
EndProject
Project("{FAE04EC0-301F-11D3-BF4B-00C04F79EFBC}") = "CreateAndImplClassHierar", "CreateAndImplClassHierar\CreateAndImplClassHierar.csproj", "{82A9DFA7-3236-4ADC-B911-F797B56AFE96}"
EndProject
Project("{FAE04EC0-301F-11D3-BF4B-00C04F79EFBC}") = "25_RuntimeReflection", "25_RuntimeReflection\25_RuntimeReflection.csproj", "{1EAD5239-8A99-4F65-8D51-C7F776B10FAD}"
EndProject
Project("{FAE04EC0-301F-11D3-BF4B-00C04F79EFBC}") = "26_ManageObjLifecycle", "26_ManageObjLifecycle\26_ManageObjLifecycle.csproj", "{95E0C514-4A51-44A4-9BF8-C47362F812BB}"
EndProject
Project("{FAE04EC0-301F-11D3-BF4B-00C04F79EFBC}") = "27_ManipulateStrings", "27_ManipulateStrings\27_ManipulateStrings.csproj", "{DD65EA43-1274-48D8-B747-E20500C590AA}"
EndProject
Global
	GlobalSection(SolutionConfigurationPlatforms) = preSolution
		Debug|Any CPU = Debug|Any CPU
		Release|Any CPU = Release|Any CPU
	EndGlobalSection
	GlobalSection(ProjectConfigurationPlatforms) = postSolution
		{D7EF9AD1-BDA3-4864-A0BE-71F647EB0D6D}.Debug|Any CPU.ActiveCfg = Debug|Any CPU
		{D7EF9AD1-BDA3-4864-A0BE-71F647EB0D6D}.Debug|Any CPU.Build.0 = Debug|Any CPU
		{D7EF9AD1-BDA3-4864-A0BE-71F647EB0D6D}.Release|Any CPU.ActiveCfg = Release|Any CPU
		{D7EF9AD1-BDA3-4864-A0BE-71F647EB0D6D}.Release|Any CPU.Build.0 = Release|Any CPU
		{3563F5A5-1435-435C-A6A0-3A0FBBC3C161}.Debug|Any CPU.ActiveCfg = Debug|Any CPU
		{3563F5A5-1435-435C-A6A0-3A0FBBC3C161}.Debug|Any CPU.Build.0 = Debug|Any CPU
		{3563F5A5-1435-435C-A6A0-3A0FBBC3C161}.Release|Any CPU.ActiveCfg = Release|Any CPU
		{3563F5A5-1435-435C-A6A0-3A0FBBC3C161}.Release|Any CPU.Build.0 = Release|Any CPU
		{82A9DFA7-3236-4ADC-B911-F797B56AFE96}.Debug|Any CPU.ActiveCfg = Debug|Any CPU
		{82A9DFA7-3236-4ADC-B911-F797B56AFE96}.Debug|Any CPU.Build.0 = Debug|Any CPU
		{82A9DFA7-3236-4ADC-B911-F797B56AFE96}.Release|Any CPU.ActiveCfg = Release|Any CPU
		{82A9DFA7-3236-4ADC-B911-F797B56AFE96}.Release|Any CPU.Build.0 = Release|Any CPU
		{1EAD5239-8A99-4F65-8D51-C7F776B10FAD}.Debug|Any CPU.ActiveCfg = Debug|Any CPU
		{1EAD5239-8A99-4F65-8D51-C7F776B10FAD}.Debug|Any CPU.Build.0 = Debug|Any CPU
		{1EAD5239-8A99-4F65-8D51-C7F776B10FAD}.Release|Any CPU.ActiveCfg = Release|Any CPU
		{1EAD5239-8A99-4F65-8D51-C7F776B10FAD}.Release|Any CPU.Build.0 = Release|Any CPU
		{95E0C514-4A51-44A4-9BF8-C47362F812BB}.Debug|Any CPU.ActiveCfg = Debug|Any CPU
		{95E0C514-4A51-44A4-9BF8-C47362F812BB}.Debug|Any CPU.Build.0 = Debug|Any CPU
		{95E0C514-4A51-44A4-9BF8-C47362F812BB}.Release|Any CPU.ActiveCfg = Release|Any CPU
		{95E0C514-4A51-44A4-9BF8-C47362F812BB}.Release|Any CPU.Build.0 = Release|Any CPU
		{DD65EA43-1274-48D8-B747-E20500C590AA}.Debug|Any CPU.ActiveCfg = Debug|Any CPU
		{DD65EA43-1274-48D8-B747-E20500C590AA}.Debug|Any CPU.Build.0 = Debug|Any CPU
		{DD65EA43-1274-48D8-B747-E20500C590AA}.Release|Any CPU.ActiveCfg = Release|Any CPU
		{DD65EA43-1274-48D8-B747-E20500C590AA}.Release|Any CPU.Build.0 = Release|Any CPU
	EndGlobalSection
	GlobalSection(SolutionProperties) = preSolution
		HideSolutionNode = FALSE
	EndGlobalSection
	GlobalSection(ExtensibilityGlobals) = postSolution
		SolutionGuid = {451309EA-41BD-479D-892A-F95E0CE1DFD6}
	EndGlobalSection
EndGlobal
