
Microsoft Visual Studio Solution File, Format Version 12.00
# Visual Studio 15
VisualStudioVersion = 15.0.27130.2010
MinimumVisualStudioVersion = 10.0.40219.1
Project("{FAE04EC0-301F-11D3-BF4B-00C04F79EFBC}") = "MultiThreadingExamples", "MultiThreadingExamples\MultiThreadingExamples.csproj", "{2ACB07E8-5B66-4EB1-A4AC-DEA013EC17F7}"
EndProject
Project("{FAE04EC0-301F-11D3-BF4B-00C04F79EFBC}") = "manage-multithreading", "manage-multithreading\manage-multithreading.csproj", "{12EFB789-B0E9-45D3-98CF-35DD3CBF7325}"
EndProject
Project("{FAE04EC0-301F-11D3-BF4B-00C04F79EFBC}") = "implement-program-flow", "implement-program-flow\implement-program-flow.csproj", "{FDA4E1B2-4F7D-4704-B3C0-0037B3FEE587}"
EndProject
Project("{FAE04EC0-301F-11D3-BF4B-00C04F79EFBC}") = "create-implement-events-callbacks", "create-implement-events-callbacks\create-implement-events-callbacks.csproj", "{B3E6EC31-18EF-49DB-AEE6-D7C01424540E}"
EndProject
Project("{FAE04EC0-301F-11D3-BF4B-00C04F79EFBC}") = "implement-exception-handling", "implement-exception-handling\implement-exception-handling.csproj", "{E8BE15A6-4D52-4EAB-8CAB-A9B07B30A36E}"
EndProject
Global
	GlobalSection(SolutionConfigurationPlatforms) = preSolution
		Debug|Any CPU = Debug|Any CPU
		Release|Any CPU = Release|Any CPU
	EndGlobalSection
	GlobalSection(ProjectConfigurationPlatforms) = postSolution
		{2ACB07E8-5B66-4EB1-A4AC-DEA013EC17F7}.Debug|Any CPU.ActiveCfg = Debug|Any CPU
		{2ACB07E8-5B66-4EB1-A4AC-DEA013EC17F7}.Debug|Any CPU.Build.0 = Debug|Any CPU
		{2ACB07E8-5B66-4EB1-A4AC-DEA013EC17F7}.Release|Any CPU.ActiveCfg = Release|Any CPU
		{2ACB07E8-5B66-4EB1-A4AC-DEA013EC17F7}.Release|Any CPU.Build.0 = Release|Any CPU
		{12EFB789-B0E9-45D3-98CF-35DD3CBF7325}.Debug|Any CPU.ActiveCfg = Debug|Any CPU
		{12EFB789-B0E9-45D3-98CF-35DD3CBF7325}.Debug|Any CPU.Build.0 = Debug|Any CPU
		{12EFB789-B0E9-45D3-98CF-35DD3CBF7325}.Release|Any CPU.ActiveCfg = Release|Any CPU
		{12EFB789-B0E9-45D3-98CF-35DD3CBF7325}.Release|Any CPU.Build.0 = Release|Any CPU
		{FDA4E1B2-4F7D-4704-B3C0-0037B3FEE587}.Debug|Any CPU.ActiveCfg = Debug|Any CPU
		{FDA4E1B2-4F7D-4704-B3C0-0037B3FEE587}.Debug|Any CPU.Build.0 = Debug|Any CPU
		{FDA4E1B2-4F7D-4704-B3C0-0037B3FEE587}.Release|Any CPU.ActiveCfg = Release|Any CPU
		{FDA4E1B2-4F7D-4704-B3C0-0037B3FEE587}.Release|Any CPU.Build.0 = Release|Any CPU
		{B3E6EC31-18EF-49DB-AEE6-D7C01424540E}.Debug|Any CPU.ActiveCfg = Debug|Any CPU
		{B3E6EC31-18EF-49DB-AEE6-D7C01424540E}.Debug|Any CPU.Build.0 = Debug|Any CPU
		{B3E6EC31-18EF-49DB-AEE6-D7C01424540E}.Release|Any CPU.ActiveCfg = Release|Any CPU
		{B3E6EC31-18EF-49DB-AEE6-D7C01424540E}.Release|Any CPU.Build.0 = Release|Any CPU
		{E8BE15A6-4D52-4EAB-8CAB-A9B07B30A36E}.Debug|Any CPU.ActiveCfg = Debug|Any CPU
		{E8BE15A6-4D52-4EAB-8CAB-A9B07B30A36E}.Debug|Any CPU.Build.0 = Debug|Any CPU
		{E8BE15A6-4D52-4EAB-8CAB-A9B07B30A36E}.Release|Any CPU.ActiveCfg = Release|Any CPU
		{E8BE15A6-4D52-4EAB-8CAB-A9B07B30A36E}.Release|Any CPU.Build.0 = Release|Any CPU
	EndGlobalSection
	GlobalSection(SolutionProperties) = preSolution
		HideSolutionNode = FALSE
	EndGlobalSection
	GlobalSection(ExtensibilityGlobals) = postSolution
		SolutionGuid = {56AD0921-0C4E-4947-8860-7C4514BC233D}
	EndGlobalSection
EndGlobal
