
Microsoft Visual Studio Solution File, Format Version 12.00
# Visual Studio Version 16
VisualStudioVersion = 16.0.29519.87
MinimumVisualStudioVersion = 10.0.40219.1
Project("{FAE04EC0-301F-11D3-BF4B-00C04F79EFBC}") = "31_ValidateAppInput", "31_ValidateAppInput\31_ValidateAppInput.csproj", "{49928F17-8851-48F3-842F-6E6A0963AC0A}"
EndProject
Global
	GlobalSection(SolutionConfigurationPlatforms) = preSolution
		Debug|Any CPU = Debug|Any CPU
		Release|Any CPU = Release|Any CPU
	EndGlobalSection
	GlobalSection(ProjectConfigurationPlatforms) = postSolution
		{49928F17-8851-48F3-842F-6E6A0963AC0A}.Debug|Any CPU.ActiveCfg = Debug|Any CPU
		{49928F17-8851-48F3-842F-6E6A0963AC0A}.Debug|Any CPU.Build.0 = Debug|Any CPU
		{49928F17-8851-48F3-842F-6E6A0963AC0A}.Release|Any CPU.ActiveCfg = Release|Any CPU
		{49928F17-8851-48F3-842F-6E6A0963AC0A}.Release|Any CPU.Build.0 = Release|Any CPU
	EndGlobalSection
	GlobalSection(SolutionProperties) = preSolution
		HideSolutionNode = FALSE
	EndGlobalSection
	GlobalSection(ExtensibilityGlobals) = postSolution
		SolutionGuid = {1E09FB2F-054F-4B7F-877D-F5CEA4B195D8}
	EndGlobalSection
EndGlobal
